
Microsoft Visual Studio Solution File, Format Version 12.00
# Visual Studio 14
VisualStudioVersion = 14.0.25420.1
MinimumVisualStudioVersion = 10.0.40219.1
Project("{8BC9CEB8-8B4A-11D0-8D11-00A0C91BC942}") = "Mastermind", "Mastermind.vcxproj", "{D50FD812-5B85-409B-B37C-8B948C5D4A8E}"
EndProject
Project("{8BC9CEB8-8B4A-11D0-8D11-00A0C91BC942}") = "MFCMastermind", "..\MFCMastermind\MFCMastermind.vcxproj", "{F866B5F2-6D6C-4869-8728-C5D83B486597}"
EndProject
Project("{54435603-DBB4-11D2-8724-00A0C9A8B90C}") = "MastermindGame", "MastermindGame\MastermindGame.vdproj", "{843026F1-1FFA-49BD-9A32-3B7E04B61D3F}"
EndProject
Global
	GlobalSection(SolutionConfigurationPlatforms) = preSolution
		Debug|x64 = Debug|x64
		Debug|x86 = Debug|x86
		Release|x64 = Release|x64
		Release|x86 = Release|x86
	EndGlobalSection
	GlobalSection(ProjectConfigurationPlatforms) = postSolution
		{D50FD812-5B85-409B-B37C-8B948C5D4A8E}.Debug|x64.ActiveCfg = Release|Win32
		{D50FD812-5B85-409B-B37C-8B948C5D4A8E}.Debug|x64.Build.0 = Release|Win32
		{D50FD812-5B85-409B-B37C-8B948C5D4A8E}.Debug|x86.ActiveCfg = Debug|Win32
		{D50FD812-5B85-409B-B37C-8B948C5D4A8E}.Debug|x86.Build.0 = Debug|Win32
		{D50FD812-5B85-409B-B37C-8B948C5D4A8E}.Release|x64.ActiveCfg = Release|Win32
		{D50FD812-5B85-409B-B37C-8B948C5D4A8E}.Release|x64.Build.0 = Release|Win32
		{D50FD812-5B85-409B-B37C-8B948C5D4A8E}.Release|x86.ActiveCfg = Release|Win32
		{D50FD812-5B85-409B-B37C-8B948C5D4A8E}.Release|x86.Build.0 = Release|Win32
		{F866B5F2-6D6C-4869-8728-C5D83B486597}.Debug|x64.ActiveCfg = Debug|x64
		{F866B5F2-6D6C-4869-8728-C5D83B486597}.Debug|x64.Build.0 = Debug|x64
		{F866B5F2-6D6C-4869-8728-C5D83B486597}.Debug|x86.ActiveCfg = Debug|Win32
		{F866B5F2-6D6C-4869-8728-C5D83B486597}.Debug|x86.Build.0 = Debug|Win32
		{F866B5F2-6D6C-4869-8728-C5D83B486597}.Release|x64.ActiveCfg = Release|x64
		{F866B5F2-6D6C-4869-8728-C5D83B486597}.Release|x64.Build.0 = Release|x64
		{F866B5F2-6D6C-4869-8728-C5D83B486597}.Release|x86.ActiveCfg = Release|Win32
		{F866B5F2-6D6C-4869-8728-C5D83B486597}.Release|x86.Build.0 = Release|Win32
		{843026F1-1FFA-49BD-9A32-3B7E04B61D3F}.Debug|x64.ActiveCfg = Debug
		{843026F1-1FFA-49BD-9A32-3B7E04B61D3F}.Debug|x86.ActiveCfg = Debug
		{843026F1-1FFA-49BD-9A32-3B7E04B61D3F}.Release|x64.ActiveCfg = Release
		{843026F1-1FFA-49BD-9A32-3B7E04B61D3F}.Release|x86.ActiveCfg = Release
		{843026F1-1FFA-49BD-9A32-3B7E04B61D3F}.Release|x86.Build.0 = Release
	EndGlobalSection
	GlobalSection(SolutionProperties) = preSolution
		HideSolutionNode = FALSE
	EndGlobalSection
EndGlobal
